
Microsoft Visual Studio Solution File, Format Version 12.00
# Visual Studio Version 16
VisualStudioVersion = 16.0.30011.22
MinimumVisualStudioVersion = 10.0.40219.1
Project("{F184B08F-C81C-45F6-A57F-5ABD9991F28F}") = "WallpaperChanger", "WallpaperChanger\WallpaperChanger.vbproj", "{C149EBA8-9B41-4297-A367-94FA7136CE7F}"
EndProject
Global
	GlobalSection(SolutionConfigurationPlatforms) = preSolution
		Debug|Any CPU = Debug|Any CPU
		Release|Any CPU = Release|Any CPU
	EndGlobalSection
	GlobalSection(ProjectConfigurationPlatforms) = postSolution
		{C149EBA8-9B41-4297-A367-94FA7136CE7F}.Debug|Any CPU.ActiveCfg = Debug|Any CPU
		{C149EBA8-9B41-4297-A367-94FA7136CE7F}.Debug|Any CPU.Build.0 = Debug|Any CPU
		{C149EBA8-9B41-4297-A367-94FA7136CE7F}.Release|Any CPU.ActiveCfg = Release|Any CPU
		{C149EBA8-9B41-4297-A367-94FA7136CE7F}.Release|Any CPU.Build.0 = Release|Any CPU
	EndGlobalSection
	GlobalSection(SolutionProperties) = preSolution
		HideSolutionNode = FALSE
	EndGlobalSection
	GlobalSection(ExtensibilityGlobals) = postSolution
		SolutionGuid = {DA8677B6-5018-4BED-A144-A86EE5283331}
	EndGlobalSection
EndGlobal
